{
  "nodes": {
    "home-manager": {
      "inputs": {
        "nixpkgs": [
          "nixos-unstable"
        ],
        "utils": "utils"
      },
      "locked": {
        "lastModified": 1668900402,
        "narHash": "sha256-IhVlueHoQNoN0SOHZIceKU3LyEL00g2ei0aUlaNypbQ=",
        "owner": "nix-community",
        "repo": "home-manager",
        "rev": "c0f9cbcf93ca22e4f0ca66843be61a4bdf6f0a44",
        "type": "github"
      },
      "original": {
        "owner": "nix-community",
        "repo": "home-manager",
        "type": "github"
      }
    },
    "keys_alexjp": {
      "flake": false,
      "locked": {
        "narHash": "sha256-DDxLdRwfZnJYBhzj5lmduESAl/GYfYWROXenDD2Fb38=",
        "type": "file",
        "url": "https://github.com/alexjp.keys"
      },
      "original": {
        "type": "file",
        "url": "https://github.com/alexjp.keys"
      }
    },
    "keys_nico": {
      "flake": false,
      "locked": {
        "narHash": "sha256-bjGTTIvcY63ND86cV15JJIhbH0rPmqkTZaWQFTTQME8=",
        "type": "file",
        "url": "https://github.com/dr460nf1r3.keys"
      },
      "original": {
        "type": "file",
        "url": "https://github.com/dr460nf1r3.keys"
      }
    },
    "keys_technetium1": {
      "flake": false,
      "locked": {
        "narHash": "sha256-d6PFL1WTyfee09ykY1oWnX+7nGhEfPZn4aSQouAS42c=",
        "type": "file",
        "url": "https://github.com/Technetium1.keys"
      },
      "original": {
        "type": "file",
        "url": "https://github.com/Technetium1.keys"
      }
    },
    "keys_tne": {
      "flake": false,
      "locked": {
        "narHash": "sha256-5+km8r1tnw99bAJKQjDt7S1cx53Ov7GO+eF8LZv3Uzk=",
        "type": "file",
        "url": "https://github.com/justtne.keys"
      },
      "original": {
        "type": "file",
        "url": "https://github.com/justtne.keys"
      }
    },
    "meshagent_aarch64": {
      "flake": false,
      "locked": {
        "narHash": "sha256-Mp9V3paDGp5k1Y6zYR8GjKSltfsyFFB3jkrMuUwCyT0=",
        "type": "file",
        "url": "https://mesh.garudalinux.org/meshagents?id=26"
      },
      "original": {
        "type": "file",
        "url": "https://mesh.garudalinux.org/meshagents?id=26"
      }
    },
    "meshagent_x86_64": {
      "flake": false,
      "locked": {
        "narHash": "sha256-DtSnncTt587S5EtyJMmbw8O5hZIJ43MPaJuvBpitrrk=",
        "type": "file",
        "url": "https://mesh.garudalinux.org/meshagents?id=6"
      },
      "original": {
        "type": "file",
        "url": "https://mesh.garudalinux.org/meshagents?id=6"
      }
    },
    "nixos-unstable": {
      "locked": {
        "lastModified": 1668905981,
        "narHash": "sha256-RBQa/+9Uk1eFTqIOXBSBezlEbA3v5OkgP+qptQs1OxY=",
        "owner": "NixOS",
        "repo": "nixpkgs",
        "rev": "690ffff026b4e635b46f69002c0f4e81c65dfc2e",
        "type": "github"
      },
      "original": {
        "owner": "NixOS",
        "ref": "nixos-unstable",
        "repo": "nixpkgs",
        "type": "github"
      }
    },
    "root": {
      "inputs": {
        "home-manager": "home-manager",
        "keys_alexjp": "keys_alexjp",
        "keys_nico": "keys_nico",
        "keys_technetium1": "keys_technetium1",
        "keys_tne": "keys_tne",
        "meshagent_aarch64": "meshagent_aarch64",
        "meshagent_x86_64": "meshagent_x86_64",
        "nixos-unstable": "nixos-unstable",
        "src-buildiso": "src-buildiso",
        "src-chaotic-mirror": "src-chaotic-mirror",
        "src-chaotic-toolbox": "src-chaotic-toolbox",
        "src-cloudflare-ipv4": "src-cloudflare-ipv4",
        "src-garuda-website": "src-garuda-website",
        "src-repoctl": "src-repoctl"
      }
    },
    "src-buildiso": {
      "flake": false,
      "locked": {
        "lastModified": 1668818963,
        "narHash": "sha256-/Wtyk4C1pbUS/twigyks4sNwJ3KaBJkmefrTi/OddTk=",
        "owner": "garuda-linux%2Ftools",
        "repo": "buildiso-docker",
        "rev": "072828223e10642edcdb853bc6d0d14cd9f74dfe",
        "type": "gitlab"
      },
      "original": {
        "owner": "garuda-linux%2Ftools",
        "repo": "buildiso-docker",
        "type": "gitlab"
      }
    },
    "src-chaotic-mirror": {
      "flake": false,
      "locked": {
        "lastModified": 1667153081,
        "narHash": "sha256-H1gn7JugUHxwhgcJhDjwMEmZstF0sEpV9noP50TIChY=",
        "owner": "chaotic-aur",
        "repo": "docker-mirror",
        "rev": "43c3d6443855b9676f1ef13b458eb372c4fe3e59",
        "type": "github"
      },
      "original": {
        "owner": "chaotic-aur",
        "repo": "docker-mirror",
        "type": "github"
      }
    },
    "src-chaotic-toolbox": {
      "flake": false,
      "locked": {
        "lastModified": 1667868546,
        "narHash": "sha256-5ej5i3nLFeJV/m9FLRvWoJdxMz914TIGMuyhhfqSgvI=",
        "owner": "chaotic-aur",
        "repo": "toolbox",
        "rev": "0a089047b5b5054a8f3d33d2ba109499fcbe5325",
        "type": "github"
      },
      "original": {
        "owner": "chaotic-aur",
        "repo": "toolbox",
        "type": "github"
      }
    },
    "src-cloudflare-ipv4": {
      "flake": false,
      "locked": {
        "narHash": "sha256-V4dThTb8iw02hjngubVtSJbEeWgOS1e/ODt1fLjLZvk=",
        "type": "file",
        "url": "https://www.cloudflare.com/ips-v4"
      },
      "original": {
        "type": "file",
        "url": "https://www.cloudflare.com/ips-v4"
      }
    },
    "src-garuda-website": {
      "flake": false,
      "locked": {
        "lastModified": 1668965270,
        "narHash": "sha256-zFJLcEjyJz8NU+wXT0OaQu86PSYK/pMKVkVIrY3CqDc=",
        "owner": "garuda-linux%2Fwebsite",
        "repo": "garuda",
        "rev": "7da123912fdc20231db41f4af7b7f5b1f4dd34a0",
        "type": "gitlab"
      },
      "original": {
        "owner": "garuda-linux%2Fwebsite",
        "repo": "garuda",
        "type": "gitlab"
      }
    },
    "src-repoctl": {
      "flake": false,
      "locked": {
        "lastModified": 1665410540,
        "narHash": "sha256-hxWwyD6UHE8SSIooEQB5+dHGLgmv1bJ3G64PmKgKg58=",
        "owner": "cassava",
        "repo": "repoctl",
        "rev": "86faed1474e9d8fed9b10a9b8864316e34066d6a",
        "type": "github"
      },
      "original": {
        "owner": "cassava",
        "repo": "repoctl",
        "type": "github"
      }
    },
    "utils": {
      "locked": {
        "lastModified": 1667395993,
        "narHash": "sha256-nuEHfE/LcWyuSWnS8t12N1wc105Qtau+/OdUAjtQ0rA=",
        "owner": "numtide",
        "repo": "flake-utils",
        "rev": "5aed5285a952e0b949eb3ba02c12fa4fcfef535f",
        "type": "github"
      },
      "original": {
        "owner": "numtide",
        "repo": "flake-utils",
        "type": "github"
      }
    }
  },
  "root": "root",
  "version": 7
}
