{
  "nodes": {
    "home-manager": {
      "inputs": {
        "nixpkgs": [
          "nixos-unstable"
        ],
        "utils": "utils"
      },
      "locked": {
        "lastModified": 1673343300,
        "narHash": "sha256-5Xdj6kpXYMie0MlnGwqK5FaMdsedxvyuakWtyKB3zaQ=",
        "owner": "nix-community",
        "repo": "home-manager",
        "rev": "176e455371a8371586e8a3ff0d56ee9f3ca2324e",
        "type": "github"
      },
      "original": {
        "owner": "nix-community",
        "repo": "home-manager",
        "type": "github"
      }
    },
    "keys_alexjp": {
      "flake": false,
      "locked": {
        "narHash": "sha256-DDxLdRwfZnJYBhzj5lmduESAl/GYfYWROXenDD2Fb38=",
        "type": "file",
        "url": "https://github.com/alexjp.keys"
      },
      "original": {
        "type": "file",
        "url": "https://github.com/alexjp.keys"
      }
    },
    "keys_nico": {
      "flake": false,
      "locked": {
        "narHash": "sha256-bjGTTIvcY63ND86cV15JJIhbH0rPmqkTZaWQFTTQME8=",
        "type": "file",
        "url": "https://github.com/dr460nf1r3.keys"
      },
      "original": {
        "type": "file",
        "url": "https://github.com/dr460nf1r3.keys"
      }
    },
    "keys_technetium1": {
      "flake": false,
      "locked": {
        "narHash": "sha256-d6PFL1WTyfee09ykY1oWnX+7nGhEfPZn4aSQouAS42c=",
        "type": "file",
        "url": "https://github.com/Technetium1.keys"
      },
      "original": {
        "type": "file",
        "url": "https://github.com/Technetium1.keys"
      }
    },
    "keys_tne": {
      "flake": false,
      "locked": {
        "narHash": "sha256-5+km8r1tnw99bAJKQjDt7S1cx53Ov7GO+eF8LZv3Uzk=",
        "type": "file",
        "url": "https://github.com/justtne.keys"
      },
      "original": {
        "type": "file",
        "url": "https://github.com/justtne.keys"
      }
    },
    "meshagent_aarch64": {
      "flake": false,
      "locked": {
        "narHash": "sha256-uosckZolm8bp5Pc8pP8ii5huPRtaziyCuEfdH63WWkA=",
        "type": "file",
        "url": "https://mesh.garudalinux.org/meshagents?id=26"
      },
      "original": {
        "type": "file",
        "url": "https://mesh.garudalinux.org/meshagents?id=26"
      }
    },
    "meshagent_x86_64": {
      "flake": false,
      "locked": {
        "narHash": "sha256-hudCG5sGwmwwf2Oijh/9UG02M7w2J9ZAshLB4tJtrCQ=",
        "type": "file",
        "url": "https://mesh.garudalinux.org/meshagents?id=6"
      },
      "original": {
        "type": "file",
        "url": "https://mesh.garudalinux.org/meshagents?id=6"
      }
    },
    "nixos-unstable": {
      "locked": {
        "lastModified": 1673315479,
        "narHash": "sha256-GNCFRtDHjTygXGJp/H+f2XQPMGxpYSmNiibIqYzihtM=",
        "owner": "NixOS",
        "repo": "nixpkgs",
        "rev": "c07552f6f7d4eead7806645ec03f7f1eb71ba6bd",
        "type": "github"
      },
      "original": {
        "owner": "NixOS",
        "ref": "nixos-unstable",
        "repo": "nixpkgs",
        "type": "github"
      }
    },
    "root": {
      "inputs": {
        "home-manager": "home-manager",
        "keys_alexjp": "keys_alexjp",
        "keys_nico": "keys_nico",
        "keys_technetium1": "keys_technetium1",
        "keys_tne": "keys_tne",
        "meshagent_aarch64": "meshagent_aarch64",
        "meshagent_x86_64": "meshagent_x86_64",
        "nixos-unstable": "nixos-unstable",
        "src-buildiso": "src-buildiso",
        "src-chaotic-mirror": "src-chaotic-mirror",
        "src-chaotic-toolbox": "src-chaotic-toolbox",
        "src-cloudflare-ipv4": "src-cloudflare-ipv4",
        "src-garuda-website": "src-garuda-website",
        "src-repoctl": "src-repoctl"
      }
    },
    "src-buildiso": {
      "flake": false,
      "locked": {
        "lastModified": 1668818963,
        "narHash": "sha256-/Wtyk4C1pbUS/twigyks4sNwJ3KaBJkmefrTi/OddTk=",
        "owner": "garuda-linux%2Ftools",
        "repo": "buildiso-docker",
        "rev": "072828223e10642edcdb853bc6d0d14cd9f74dfe",
        "type": "gitlab"
      },
      "original": {
        "owner": "garuda-linux%2Ftools",
        "repo": "buildiso-docker",
        "type": "gitlab"
      }
    },
    "src-chaotic-mirror": {
      "flake": false,
      "locked": {
        "lastModified": 1669507602,
        "narHash": "sha256-Sb9V81t0cyXR+2SEsuz/wrx3oy16yU74CU64jfW2S3g=",
        "owner": "chaotic-aur",
        "repo": "docker-mirror",
        "rev": "52bf440b58ec44722d701b4dcfbd2af578c80a6e",
        "type": "github"
      },
      "original": {
        "owner": "chaotic-aur",
        "repo": "docker-mirror",
        "type": "github"
      }
    },
    "src-chaotic-toolbox": {
      "flake": false,
      "locked": {
        "lastModified": 1671735369,
        "narHash": "sha256-qC/eFuYwZL8pnVYJkiVv+kmStTSyzBrrMfy0Lr2wxyA=",
        "owner": "chaotic-aur",
        "repo": "toolbox",
        "rev": "0cb52d33616010c8225159d894fa7b99d07012ea",
        "type": "github"
      },
      "original": {
        "owner": "chaotic-aur",
        "repo": "toolbox",
        "type": "github"
      }
    },
    "src-cloudflare-ipv4": {
      "flake": false,
      "locked": {
        "narHash": "sha256-V4dThTb8iw02hjngubVtSJbEeWgOS1e/ODt1fLjLZvk=",
        "type": "file",
        "url": "https://www.cloudflare.com/ips-v4"
      },
      "original": {
        "type": "file",
        "url": "https://www.cloudflare.com/ips-v4"
      }
    },
    "src-garuda-website": {
      "flake": false,
      "locked": {
        "lastModified": 1671454001,
        "narHash": "sha256-UyMuI8cqy+OCP09EFpaZpTBQQGlrX3FhSiNHgyCw1YU=",
        "owner": "garuda-linux%2Fwebsite",
        "repo": "garuda",
        "rev": "48acd864eb11c42ce44af10fa95269f2fd66d269",
        "type": "gitlab"
      },
      "original": {
        "owner": "garuda-linux%2Fwebsite",
        "repo": "garuda",
        "type": "gitlab"
      }
    },
    "src-repoctl": {
      "flake": false,
      "locked": {
        "lastModified": 1665410540,
        "narHash": "sha256-hxWwyD6UHE8SSIooEQB5+dHGLgmv1bJ3G64PmKgKg58=",
        "owner": "cassava",
        "repo": "repoctl",
        "rev": "86faed1474e9d8fed9b10a9b8864316e34066d6a",
        "type": "github"
      },
      "original": {
        "owner": "cassava",
        "repo": "repoctl",
        "type": "github"
      }
    },
    "utils": {
      "locked": {
        "lastModified": 1667395993,
        "narHash": "sha256-nuEHfE/LcWyuSWnS8t12N1wc105Qtau+/OdUAjtQ0rA=",
        "owner": "numtide",
        "repo": "flake-utils",
        "rev": "5aed5285a952e0b949eb3ba02c12fa4fcfef535f",
        "type": "github"
      },
      "original": {
        "owner": "numtide",
        "repo": "flake-utils",
        "type": "github"
      }
    }
  },
  "root": "root",
  "version": 7
}
