{
  "nodes": {
    "blobs": {
      "flake": false,
      "locked": {
        "lastModified": 1604995301,
        "narHash": "sha256-wcLzgLec6SGJA8fx1OEN1yV/Py5b+U5iyYpksUY/yLw=",
        "owner": "simple-nixos-mailserver",
        "repo": "blobs",
        "rev": "2cccdf1ca48316f2cfd1c9a0017e8de5a7156265",
        "type": "gitlab"
      },
      "original": {
        "owner": "simple-nixos-mailserver",
        "repo": "blobs",
        "type": "gitlab"
      }
    },
    "devshell": {
      "inputs": {
        "nixpkgs": [
          "nixpkgs"
        ]
      },
      "locked": {
        "lastModified": 1735644329,
        "narHash": "sha256-tO3HrHriyLvipc4xr+Ewtdlo7wM1OjXNjlWRgmM7peY=",
        "owner": "numtide",
        "repo": "devshell",
        "rev": "f7795ede5b02664b57035b3b757876703e2c3eac",
        "type": "github"
      },
      "original": {
        "owner": "numtide",
        "repo": "devshell",
        "type": "github"
      }
    },
    "flake-compat": {
      "flake": false,
      "locked": {
        "lastModified": 1733328505,
        "narHash": "sha256-NeCCThCEP3eCl2l/+27kNNK7QrwZB1IJCrXfrbv5oqU=",
        "owner": "edolstra",
        "repo": "flake-compat",
        "rev": "ff81ac966bb2cae68946d5ed5fc4994f96d0ffec",
        "type": "github"
      },
      "original": {
        "owner": "edolstra",
        "repo": "flake-compat",
        "type": "github"
      }
    },
    "flake-parts": {
      "inputs": {
        "nixpkgs-lib": [
          "nixpkgs"
        ]
      },
      "locked": {
        "lastModified": 1738453229,
        "narHash": "sha256-7H9XgNiGLKN1G1CgRh0vUL4AheZSYzPm+zmZ7vxbJdo=",
        "owner": "hercules-ci",
        "repo": "flake-parts",
        "rev": "32ea77a06711b758da0ad9bd6a844c5740a87abd",
        "type": "github"
      },
      "original": {
        "owner": "hercules-ci",
        "repo": "flake-parts",
        "type": "github"
      }
    },
    "gitignore": {
      "inputs": {
        "nixpkgs": [
          "pre-commit-hooks",
          "nixpkgs"
        ]
      },
      "locked": {
        "lastModified": 1709087332,
        "narHash": "sha256-HG2cCnktfHsKV0s4XW83gU3F57gaTljL9KNSuG6bnQs=",
        "owner": "hercules-ci",
        "repo": "gitignore.nix",
        "rev": "637db329424fd7e46cf4185293b9cc8c88c95394",
        "type": "github"
      },
      "original": {
        "owner": "hercules-ci",
        "repo": "gitignore.nix",
        "type": "github"
      }
    },
    "home-manager": {
      "inputs": {
        "nixpkgs": [
          "nixpkgs"
        ]
      },
      "locked": {
        "lastModified": 1740840901,
        "narHash": "sha256-nAHSkQJ2J5W8rGSReohh4xZ1b2edkG2UIj/4tF+ARAQ=",
        "owner": "nix-community",
        "repo": "home-manager",
        "rev": "30da4310935450ea38931abf775ffe1dfab15355",
        "type": "github"
      },
      "original": {
        "owner": "nix-community",
        "repo": "home-manager",
        "type": "github"
      }
    },
    "keys_alexjp": {
      "flake": false,
      "locked": {
        "narHash": "sha256-DDxLdRwfZnJYBhzj5lmduESAl/GYfYWROXenDD2Fb38=",
        "type": "file",
        "url": "https://github.com/alexjp.keys"
      },
      "original": {
        "type": "file",
        "url": "https://github.com/alexjp.keys"
      }
    },
    "keys_frank": {
      "flake": false,
      "locked": {
        "narHash": "sha256-P/i98yv7ZDS9ZgqC19DTFp7r+W4sxRWB2BOb+q2x+Hw=",
        "type": "file",
        "url": "https://github.com/fgd-garuda.keys"
      },
      "original": {
        "type": "file",
        "url": "https://github.com/fgd-garuda.keys"
      }
    },
    "keys_nico": {
      "flake": false,
      "locked": {
        "narHash": "sha256-zNbNt0fC8lFyFkLLoSHmjAvyGpwD3InEQCHydkfnri0=",
        "type": "file",
        "url": "https://github.com/dr460nf1r3.keys"
      },
      "original": {
        "type": "file",
        "url": "https://github.com/dr460nf1r3.keys"
      }
    },
    "keys_pedrohlc": {
      "flake": false,
      "locked": {
        "narHash": "sha256-4VbZeam06jUeFQavkeEFIDLTpk1qPdiRor9lmzrrkFU=",
        "type": "file",
        "url": "https://github.com/pedrohlc.keys"
      },
      "original": {
        "type": "file",
        "url": "https://github.com/pedrohlc.keys"
      }
    },
    "keys_technetium1": {
      "flake": false,
      "locked": {
        "narHash": "sha256-d6PFL1WTyfee09ykY1oWnX+7nGhEfPZn4aSQouAS42c=",
        "type": "file",
        "url": "https://github.com/technetium1.keys"
      },
      "original": {
        "type": "file",
        "url": "https://github.com/technetium1.keys"
      }
    },
    "keys_tne": {
      "flake": false,
      "locked": {
        "narHash": "sha256-5+km8r1tnw99bAJKQjDt7S1cx53Ov7GO+eF8LZv3Uzk=",
        "type": "file",
        "url": "https://github.com/justtne.keys"
      },
      "original": {
        "type": "file",
        "url": "https://github.com/justtne.keys"
      }
    },
    "keys_xiota": {
      "flake": false,
      "locked": {
        "narHash": "sha256-KI9FTFh33l8KfTt8OuHepx8RKClQ4a+OHwt91k4rdCM=",
        "type": "file",
        "url": "https://github.com/xiota.keys"
      },
      "original": {
        "type": "file",
        "url": "https://github.com/xiota.keys"
      }
    },
    "nixos-mailserver": {
      "inputs": {
        "blobs": "blobs",
        "flake-compat": [
          "flake-compat"
        ],
        "nixpkgs": [
          "nixpkgs"
        ],
        "nixpkgs-24_11": [
          "nixpkgs"
        ]
      },
      "locked": {
        "lastModified": 1740437053,
        "narHash": "sha256-exPTta4qI1ka9sk+jPcLogGffJ1OVXnAsTRqpeAXeNw=",
        "owner": "simple-nixos-mailserver",
        "repo": "nixos-mailserver",
        "rev": "c8ec4d5e432f5df4838eacd39c11828d23ce66ec",
        "type": "gitlab"
      },
      "original": {
        "owner": "simple-nixos-mailserver",
        "ref": "master",
        "repo": "nixos-mailserver",
        "type": "gitlab"
      }
    },
    "nixpkgs": {
      "locked": {
        "lastModified": 1740695751,
        "narHash": "sha256-D+R+kFxy1KsheiIzkkx/6L63wEHBYX21OIwlFV8JvDs=",
        "owner": "nixos",
        "repo": "nixpkgs",
        "rev": "6313551cd05425cd5b3e63fe47dbc324eabb15e4",
        "type": "github"
      },
      "original": {
        "owner": "nixos",
        "ref": "nixos-unstable",
        "repo": "nixpkgs",
        "type": "github"
      }
    },
    "nixpkgs-stable": {
      "locked": {
        "lastModified": 1740743217,
        "narHash": "sha256-brsCRzLqimpyhORma84c3W2xPbIidZlIc3JGIuQVSNI=",
        "owner": "NixOS",
        "repo": "nixpkgs",
        "rev": "b27ba4eb322d9d2bf2dc9ada9fd59442f50c8d7c",
        "type": "github"
      },
      "original": {
        "owner": "NixOS",
        "ref": "nixos-24.11",
        "repo": "nixpkgs",
        "type": "github"
      }
    },
    "pre-commit-hooks": {
      "inputs": {
        "flake-compat": [
          "flake-compat"
        ],
        "gitignore": "gitignore",
        "nixpkgs": [
          "nixpkgs"
        ]
      },
      "locked": {
        "lastModified": 1740839535,
        "narHash": "sha256-+QjUptYL1lqb9u9BXpUkoW3BoEPfHI+Zn7QP5o9iLOE=",
        "owner": "cachix",
        "repo": "git-hooks.nix",
        "rev": "4e784418f7bf22fbf8a504f48279f7e0ee335998",
        "type": "github"
      },
      "original": {
        "owner": "cachix",
        "repo": "git-hooks.nix",
        "type": "github"
      }
    },
    "root": {
      "inputs": {
        "devshell": "devshell",
        "flake-compat": "flake-compat",
        "flake-parts": "flake-parts",
        "home-manager": "home-manager",
        "keys_alexjp": "keys_alexjp",
        "keys_frank": "keys_frank",
        "keys_nico": "keys_nico",
        "keys_pedrohlc": "keys_pedrohlc",
        "keys_technetium1": "keys_technetium1",
        "keys_tne": "keys_tne",
        "keys_xiota": "keys_xiota",
        "nixos-mailserver": "nixos-mailserver",
        "nixpkgs": "nixpkgs",
        "nixpkgs-stable": "nixpkgs-stable",
        "pre-commit-hooks": "pre-commit-hooks",
        "src-buildiso": "src-buildiso",
        "src-chaotic-mirror": "src-chaotic-mirror",
        "src-chaotic-portable-builder": "src-chaotic-portable-builder",
        "src-cloudflare-authenticated_origin_pull_ca": "src-cloudflare-authenticated_origin_pull_ca",
        "src-cloudflare-ipv4": "src-cloudflare-ipv4",
        "src-garuda-website": "src-garuda-website"
      }
    },
    "src-buildiso": {
      "flake": false,
      "locked": {
        "lastModified": 1732452988,
        "narHash": "sha256-yn7/9OPJ2Lo7J0n4g92Kh2Ps2I4PuLk8jqPd3wcOq4w=",
        "owner": "garuda-linux",
        "repo": "tools%2Fbuildiso-docker",
        "rev": "030df7729eaee43e39694dcd04d08bd7befa4010",
        "type": "gitlab"
      },
      "original": {
        "owner": "garuda-linux",
        "repo": "tools%2Fbuildiso-docker",
        "type": "gitlab"
      }
    },
    "src-chaotic-mirror": {
      "flake": false,
      "locked": {
        "lastModified": 1711992910,
        "narHash": "sha256-cP6KnQyKxSqVvjBM6+0zXploS3QtYsvaWUetz6fx78I=",
        "owner": "chaotic-aur",
        "repo": "docker-mirror",
        "rev": "abce1bd33af9cb1b88db52f618520ee5a55f2e9e",
        "type": "github"
      },
      "original": {
        "owner": "chaotic-aur",
        "repo": "docker-mirror",
        "type": "github"
      }
    },
    "src-chaotic-portable-builder": {
      "flake": false,
      "locked": {
        "lastModified": 1713318548,
        "narHash": "sha256-M8i0RMVchIxm/MXPwk/b1w7RYtH7aIRwyuovziJyeAo=",
        "owner": "garuda-linux",
        "repo": "tools%2Fchaotic-portable-builder",
        "rev": "5e963b6b5b0147a3842c18e1a0a193c164935967",
        "type": "gitlab"
      },
      "original": {
        "owner": "garuda-linux",
        "repo": "tools%2Fchaotic-portable-builder",
        "type": "gitlab"
      }
    },
    "src-cloudflare-authenticated_origin_pull_ca": {
      "flake": false,
      "locked": {
        "narHash": "sha256-7lMuh6nm7kH2d4yoP0XmJvoJn9iloVE+2CrcFbH93DU=",
        "type": "file",
        "url": "https://developers.cloudflare.com/ssl/static/authenticated_origin_pull_ca.pem"
      },
      "original": {
        "type": "file",
        "url": "https://developers.cloudflare.com/ssl/static/authenticated_origin_pull_ca.pem"
      }
    },
    "src-cloudflare-ipv4": {
      "flake": false,
      "locked": {
        "narHash": "sha256-V4dThTb8iw02hjngubVtSJbEeWgOS1e/ODt1fLjLZvk=",
        "type": "file",
        "url": "https://www.cloudflare.com/ips-v4"
      },
      "original": {
        "type": "file",
        "url": "https://www.cloudflare.com/ips-v4"
      }
    },
    "src-garuda-website": {
      "flake": false,
      "locked": {
        "lastModified": 1736632663,
        "narHash": "sha256-eJ3YAFrjbseLd7tBEIgq4G32y87hYZ2Lh0teNsxoIjQ=",
        "owner": "garuda-linux",
        "repo": "website%2Fgaruda",
        "rev": "16d4edbba90a6d3cbf49b98963b638a2b88455e4",
        "type": "gitlab"
      },
      "original": {
        "owner": "garuda-linux",
        "repo": "website%2Fgaruda",
        "type": "gitlab"
      }
    }
  },
  "root": "root",
  "version": 7
}
