{
  "nodes": {
    "blobs": {
      "flake": false,
      "locked": {
        "lastModified": 1604995301,
        "narHash": "sha256-wcLzgLec6SGJA8fx1OEN1yV/Py5b+U5iyYpksUY/yLw=",
        "owner": "simple-nixos-mailserver",
        "repo": "blobs",
        "rev": "2cccdf1ca48316f2cfd1c9a0017e8de5a7156265",
        "type": "gitlab"
      },
      "original": {
        "owner": "simple-nixos-mailserver",
        "repo": "blobs",
        "type": "gitlab"
      }
    },
    "devshell": {
      "inputs": {
        "nixpkgs": [
          "nixpkgs"
        ],
        "systems": [
          "systems"
        ]
      },
      "locked": {
        "lastModified": 1701787589,
        "narHash": "sha256-ce+oQR4Zq9VOsLoh9bZT8Ip9PaMLcjjBUHVPzW5d7Cw=",
        "owner": "numtide",
        "repo": "devshell",
        "rev": "44ddedcbcfc2d52a76b64fb6122f209881bd3e1e",
        "type": "github"
      },
      "original": {
        "owner": "numtide",
        "repo": "devshell",
        "type": "github"
      }
    },
    "flake-compat": {
      "flake": false,
      "locked": {
        "lastModified": 1696426674,
        "narHash": "sha256-kvjfFW7WAETZlt09AgDn1MrtKzP7t90Vf7vypd3OL1U=",
        "owner": "edolstra",
        "repo": "flake-compat",
        "rev": "0f9255e01c2351cc7d116c072cb317785dd33b33",
        "type": "github"
      },
      "original": {
        "owner": "edolstra",
        "repo": "flake-compat",
        "type": "github"
      }
    },
    "flake-compat_2": {
      "flake": false,
      "locked": {
        "lastModified": 1606424373,
        "narHash": "sha256-oq8d4//CJOrVj+EcOaSXvMebvuTkmBJuT5tzlfewUnQ=",
        "owner": "edolstra",
        "repo": "flake-compat",
        "rev": "99f1c2157fba4bfe6211a321fd0ee43199025dbf",
        "type": "github"
      },
      "original": {
        "owner": "edolstra",
        "repo": "flake-compat",
        "type": "github"
      }
    },
    "flake-parts": {
      "inputs": {
        "nixpkgs-lib": [
          "nixpkgs"
        ]
      },
      "locked": {
        "lastModified": 1701473968,
        "narHash": "sha256-YcVE5emp1qQ8ieHUnxt1wCZCC3ZfAS+SRRWZ2TMda7E=",
        "owner": "hercules-ci",
        "repo": "flake-parts",
        "rev": "34fed993f1674c8d06d58b37ce1e0fe5eebcb9f5",
        "type": "github"
      },
      "original": {
        "owner": "hercules-ci",
        "repo": "flake-parts",
        "type": "github"
      }
    },
    "flake-utils": {
      "inputs": {
        "systems": [
          "systems"
        ]
      },
      "locked": {
        "lastModified": 1701680307,
        "narHash": "sha256-kAuep2h5ajznlPMD9rnQyffWG8EM/C73lejGofXvdM8=",
        "owner": "numtide",
        "repo": "flake-utils",
        "rev": "4022d587cbbfd70fe950c1e2083a02621806a725",
        "type": "github"
      },
      "original": {
        "owner": "numtide",
        "repo": "flake-utils",
        "type": "github"
      }
    },
    "gitignore": {
      "inputs": {
        "nixpkgs": [
          "nixpkgs"
        ]
      },
      "locked": {
        "lastModified": 1694102001,
        "narHash": "sha256-vky6VPK1n1od6vXbqzOXnekrQpTL4hbPAwUhT5J9c9E=",
        "owner": "hercules-ci",
        "repo": "gitignore.nix",
        "rev": "9e21c80adf67ebcb077d75bd5e7d724d21eeafd6",
        "type": "github"
      },
      "original": {
        "owner": "hercules-ci",
        "repo": "gitignore.nix",
        "type": "github"
      }
    },
    "hercules-ci-agent": {
      "inputs": {
        "flake-compat": "flake-compat_2",
        "nix-darwin": "nix-darwin",
        "nixos-20_09": "nixos-20_09",
        "nixos-unstable": "nixos-unstable",
        "pre-commit-hooks-nix": "pre-commit-hooks-nix"
      },
      "locked": {
        "lastModified": 1638731476,
        "narHash": "sha256-9/21mkGXngMIMkY3dKGZUq7UkDRJnKbcimx6SO+QstA=",
        "owner": "hercules-ci",
        "repo": "hercules-ci-agent",
        "rev": "81ad6448f41367c8ec89ee541df54419b24f4c53",
        "type": "github"
      },
      "original": {
        "owner": "hercules-ci",
        "ref": "stable",
        "repo": "hercules-ci-agent",
        "type": "github"
      }
    },
    "home-manager": {
      "inputs": {
        "nixpkgs": [
          "nixpkgs"
        ]
      },
      "locked": {
        "lastModified": 1703178811,
        "narHash": "sha256-Orbqa8DvszYZ38XGWAs43hVs++czt2N6/Y0sFRLhJms=",
        "owner": "nix-community",
        "repo": "home-manager",
        "rev": "fb5ac0c870a1b3ffea70e02ab1720d991ce812ae",
        "type": "github"
      },
      "original": {
        "owner": "nix-community",
        "repo": "home-manager",
        "type": "github"
      }
    },
    "keys_alexjp": {
      "flake": false,
      "locked": {
        "narHash": "sha256-DDxLdRwfZnJYBhzj5lmduESAl/GYfYWROXenDD2Fb38=",
        "type": "file",
        "url": "https://github.com/alexjp.keys"
      },
      "original": {
        "type": "file",
        "url": "https://github.com/alexjp.keys"
      }
    },
    "keys_frank": {
      "flake": false,
      "locked": {
        "narHash": "sha256-P/i98yv7ZDS9ZgqC19DTFp7r+W4sxRWB2BOb+q2x+Hw=",
        "type": "file",
        "url": "https://github.com/fgd-garuda.keys"
      },
      "original": {
        "type": "file",
        "url": "https://github.com/fgd-garuda.keys"
      }
    },
    "keys_nico": {
      "flake": false,
      "locked": {
        "narHash": "sha256-zNbNt0fC8lFyFkLLoSHmjAvyGpwD3InEQCHydkfnri0=",
        "type": "file",
        "url": "https://github.com/dr460nf1r3.keys"
      },
      "original": {
        "type": "file",
        "url": "https://github.com/dr460nf1r3.keys"
      }
    },
    "keys_pedrohlc": {
      "flake": false,
      "locked": {
        "narHash": "sha256-ktIsuzkwvnFIxm0zSltiNA/BLz3aJ7Y0x2ayYfp6YU4=",
        "type": "file",
        "url": "https://github.com/pedrohlc.keys"
      },
      "original": {
        "type": "file",
        "url": "https://github.com/pedrohlc.keys"
      }
    },
    "keys_technetium1": {
      "flake": false,
      "locked": {
        "narHash": "sha256-d6PFL1WTyfee09ykY1oWnX+7nGhEfPZn4aSQouAS42c=",
        "type": "file",
        "url": "https://github.com/technetium1.keys"
      },
      "original": {
        "type": "file",
        "url": "https://github.com/technetium1.keys"
      }
    },
    "keys_tne": {
      "flake": false,
      "locked": {
        "narHash": "sha256-5+km8r1tnw99bAJKQjDt7S1cx53Ov7GO+eF8LZv3Uzk=",
        "type": "file",
        "url": "https://github.com/justtne.keys"
      },
      "original": {
        "type": "file",
        "url": "https://github.com/justtne.keys"
      }
    },
    "keys_xiota": {
      "flake": false,
      "locked": {
        "narHash": "sha256-KI9FTFh33l8KfTt8OuHepx8RKClQ4a+OHwt91k4rdCM=",
        "type": "file",
        "url": "https://github.com/xiota.keys"
      },
      "original": {
        "type": "file",
        "url": "https://github.com/xiota.keys"
      }
    },
    "meshagent_aarch64": {
      "flake": false,
      "locked": {
        "narHash": "sha256-uosckZolm8bp5Pc8pP8ii5huPRtaziyCuEfdH63WWkA=",
        "type": "file",
        "url": "https://mesh.garudalinux.org/meshagents?id=26"
      },
      "original": {
        "type": "file",
        "url": "https://mesh.garudalinux.org/meshagents?id=26"
      }
    },
    "meshagent_x86_64": {
      "flake": false,
      "locked": {
        "narHash": "sha256-hudCG5sGwmwwf2Oijh/9UG02M7w2J9ZAshLB4tJtrCQ=",
        "type": "file",
        "url": "https://mesh.garudalinux.org/meshagents?id=6"
      },
      "original": {
        "type": "file",
        "url": "https://mesh.garudalinux.org/meshagents?id=6"
      }
    },
    "nix-darwin": {
      "inputs": {
        "nixpkgs": "nixpkgs"
      },
      "locked": {
        "lastModified": 1634994402,
        "narHash": "sha256-xmlCVVOYGpZoxgOqsDOVF0B0ASrnbNGVAEzID9qh2xo=",
        "owner": "LnL7",
        "repo": "nix-darwin",
        "rev": "44da835ac40dab5fd231298b59d83487382d2fab",
        "type": "github"
      },
      "original": {
        "owner": "LnL7",
        "repo": "nix-darwin",
        "type": "github"
      }
    },
    "nixos-20_09": {
      "locked": {
        "lastModified": 1623585158,
        "narHash": "sha256-AjK7M1/six8IBPOI28nm7yC2k8mZIR2F9QrOwFYHAS0=",
        "owner": "NixOS",
        "repo": "nixpkgs",
        "rev": "115dbbe82eb4ec8aabf959068286468a68e0b244",
        "type": "github"
      },
      "original": {
        "owner": "NixOS",
        "ref": "nixos-20.09",
        "repo": "nixpkgs",
        "type": "github"
      }
    },
    "nixos-mailserver": {
      "inputs": {
        "blobs": "blobs",
        "flake-compat": [
          "flake-compat"
        ],
        "nixpkgs": [
          "nixpkgs"
        ],
        "nixpkgs-22_11": "nixpkgs-22_11",
        "nixpkgs-23_05": "nixpkgs-23_05",
        "utils": "utils"
      },
      "locked": {
        "lastModified": 1700085753,
        "narHash": "sha256-qtib7f3eRwfaUF+VziJXiBcZFqpHCAXS4HlrFsnzzl4=",
        "owner": "simple-nixos-mailserver",
        "repo": "nixos-mailserver",
        "rev": "008d78cc21959e33d0d31f375b88353a7d7121ae",
        "type": "gitlab"
      },
      "original": {
        "owner": "simple-nixos-mailserver",
        "ref": "master",
        "repo": "nixos-mailserver",
        "type": "gitlab"
      }
    },
    "nixos-unstable": {
      "locked": {
        "lastModified": 1636800699,
        "narHash": "sha256-SwbyVxXffu3G2ulJIbTf0iQfqhbGbdml4Dyv5j9BiAI=",
        "owner": "NixOS",
        "repo": "nixpkgs",
        "rev": "2fa862644fc15ecb525eb8cd0a60276f1c340c7c",
        "type": "github"
      },
      "original": {
        "owner": "NixOS",
        "ref": "nixos-unstable",
        "repo": "nixpkgs",
        "type": "github"
      }
    },
    "nixpkgs": {
      "locked": {
        "lastModified": 1602411953,
        "narHash": "sha256-gbupmxRpoQZqL5NBQCJN2GI5G7XDEHHHYKhVwEj5+Ps=",
        "owner": "LnL7",
        "repo": "nixpkgs",
        "rev": "f780534ea2d0c12e62607ff254b6b45f46653f7a",
        "type": "github"
      },
      "original": {
        "id": "nixpkgs",
        "type": "indirect"
      }
    },
    "nixpkgs-22_11": {
      "locked": {
        "lastModified": 1669558522,
        "narHash": "sha256-yqxn+wOiPqe6cxzOo4leeJOp1bXE/fjPEi/3F/bBHv8=",
        "owner": "NixOS",
        "repo": "nixpkgs",
        "rev": "ce5fe99df1f15a09a91a86be9738d68fadfbad82",
        "type": "github"
      },
      "original": {
        "id": "nixpkgs",
        "ref": "nixos-22.11",
        "type": "indirect"
      }
    },
    "nixpkgs-23_05": {
      "locked": {
        "lastModified": 1684782344,
        "narHash": "sha256-SHN8hPYYSX0thDrMLMWPWYulK3YFgASOrCsIL3AJ78g=",
        "owner": "NixOS",
        "repo": "nixpkgs",
        "rev": "8966c43feba2c701ed624302b6a935f97bcbdf88",
        "type": "github"
      },
      "original": {
        "id": "nixpkgs",
        "ref": "nixos-23.05",
        "type": "indirect"
      }
    },
    "nixpkgs-stable": {
      "locked": {
        "lastModified": 1703034876,
        "narHash": "sha256-4bMPFv/bs5g1nEsXQwXlrAGJgjv1Ilr0ejdaTkBwQLs=",
        "owner": "NixOS",
        "repo": "nixpkgs",
        "rev": "312ab59e8ade69e6083017bd9b98a2919f1fb86a",
        "type": "github"
      },
      "original": {
        "owner": "NixOS",
        "ref": "nixos-23.05",
        "repo": "nixpkgs",
        "type": "github"
      }
    },
    "nixpkgs_2": {
      "locked": {
        "lastModified": 1703013332,
        "narHash": "sha256-+tFNwMvlXLbJZXiMHqYq77z/RfmpfpiI3yjL6o/Zo9M=",
        "owner": "nixos",
        "repo": "nixpkgs",
        "rev": "54aac082a4d9bb5bbc5c4e899603abfb76a3f6d6",
        "type": "github"
      },
      "original": {
        "owner": "nixos",
        "ref": "nixos-unstable",
        "repo": "nixpkgs",
        "type": "github"
      }
    },
    "pre-commit-hooks": {
      "inputs": {
        "flake-compat": [
          "flake-compat"
        ],
        "flake-utils": [
          "flake-utils"
        ],
        "gitignore": [
          "gitignore"
        ],
        "nixpkgs": [
          "nixpkgs"
        ],
        "nixpkgs-stable": [
          "nixpkgs-stable"
        ]
      },
      "locked": {
        "lastModified": 1702456155,
        "narHash": "sha256-I2XhXGAecdGlqi6hPWYT83AQtMgL+aa3ulA85RAEgOk=",
        "owner": "cachix",
        "repo": "pre-commit-hooks.nix",
        "rev": "007a45d064c1c32d04e1b8a0de5ef00984c419bc",
        "type": "github"
      },
      "original": {
        "owner": "cachix",
        "repo": "pre-commit-hooks.nix",
        "type": "github"
      }
    },
    "pre-commit-hooks-nix": {
      "flake": false,
      "locked": {
        "lastModified": 1622650193,
        "narHash": "sha256-qSzUpJDv04ajS9FXoCq6NjVF3qOt9IiGIiGh0P8amyw=",
        "owner": "cachix",
        "repo": "pre-commit-hooks.nix",
        "rev": "0398f0649e0a741660ac5e8216760bae5cc78579",
        "type": "github"
      },
      "original": {
        "owner": "cachix",
        "repo": "pre-commit-hooks.nix",
        "type": "github"
      }
    },
    "root": {
      "inputs": {
        "devshell": "devshell",
        "flake-compat": "flake-compat",
        "flake-parts": "flake-parts",
        "flake-utils": "flake-utils",
        "gitignore": "gitignore",
        "hercules-ci-agent": "hercules-ci-agent",
        "home-manager": "home-manager",
        "keys_alexjp": "keys_alexjp",
        "keys_frank": "keys_frank",
        "keys_nico": "keys_nico",
        "keys_pedrohlc": "keys_pedrohlc",
        "keys_technetium1": "keys_technetium1",
        "keys_tne": "keys_tne",
        "keys_xiota": "keys_xiota",
        "meshagent_aarch64": "meshagent_aarch64",
        "meshagent_x86_64": "meshagent_x86_64",
        "nixos-mailserver": "nixos-mailserver",
        "nixpkgs": "nixpkgs_2",
        "nixpkgs-stable": "nixpkgs-stable",
        "pre-commit-hooks": "pre-commit-hooks",
        "src-buildiso": "src-buildiso",
        "src-chaotic-mirror": "src-chaotic-mirror",
        "src-chaotic-toolbox": "src-chaotic-toolbox",
        "src-cloudflare-ipv4": "src-cloudflare-ipv4",
        "src-garuda-website": "src-garuda-website",
        "src-repoctl": "src-repoctl",
        "systems": "systems"
      }
    },
    "src-buildiso": {
      "flake": false,
      "locked": {
        "lastModified": 1700401018,
        "narHash": "sha256-UBnsnmAXFRwiJAQYEwMOu6ldrgGueVLBiqJBn1C3RYQ=",
        "type": "tarball",
        "url": "https://gitlab.com/garuda-linux/tools/buildiso-docker/-/archive/master/buildiso-docker-master.tar.gz"
      },
      "original": {
        "type": "tarball",
        "url": "https://gitlab.com/garuda-linux/tools/buildiso-docker/-/archive/master/buildiso-docker-master.tar.gz"
      }
    },
    "src-chaotic-mirror": {
      "flake": false,
      "locked": {
        "lastModified": 1701311532,
        "narHash": "sha256-B9hTNBOrVAdimfhAyE0DV5jMLjKAnuKm4bc02KASxp0=",
        "owner": "chaotic-aur",
        "repo": "docker-mirror",
        "rev": "63cc062bcfe8ec265bf94a04ad463d17ec7d8a19",
        "type": "github"
      },
      "original": {
        "owner": "chaotic-aur",
        "repo": "docker-mirror",
        "type": "github"
      }
    },
    "src-chaotic-toolbox": {
      "flake": false,
      "locked": {
        "lastModified": 1700574792,
        "narHash": "sha256-Jo58lCixDxgiHAFy5juSPFO4xlNOmEfOJLiidCscy2A=",
        "owner": "chaotic-aur",
        "repo": "toolbox",
        "rev": "bd019f950f3e14ec472f74edc9f817fff3a5c7c0",
        "type": "github"
      },
      "original": {
        "owner": "chaotic-aur",
        "repo": "toolbox",
        "type": "github"
      }
    },
    "src-cloudflare-ipv4": {
      "flake": false,
      "locked": {
        "narHash": "sha256-V4dThTb8iw02hjngubVtSJbEeWgOS1e/ODt1fLjLZvk=",
        "type": "file",
        "url": "https://www.cloudflare.com/ips-v4"
      },
      "original": {
        "type": "file",
        "url": "https://www.cloudflare.com/ips-v4"
      }
    },
    "src-garuda-website": {
      "flake": false,
      "locked": {
        "lastModified": 1702970721,
        "narHash": "sha256-XxSBLvAv3xeu4HdV8lAfd/V1vHuVBJMeHgeJHC6+OlE=",
        "type": "tarball",
        "url": "https://gitlab.com/garuda-linux/website/garuda/-/archive/master/garuda-master.tar.gz"
      },
      "original": {
        "type": "tarball",
        "url": "https://gitlab.com/garuda-linux/website/garuda/-/archive/master/garuda-master.tar.gz"
      }
    },
    "src-repoctl": {
      "flake": false,
      "locked": {
        "lastModified": 1665410540,
        "narHash": "sha256-hxWwyD6UHE8SSIooEQB5+dHGLgmv1bJ3G64PmKgKg58=",
        "owner": "cassava",
        "repo": "repoctl",
        "rev": "86faed1474e9d8fed9b10a9b8864316e34066d6a",
        "type": "github"
      },
      "original": {
        "owner": "cassava",
        "repo": "repoctl",
        "type": "github"
      }
    },
    "systems": {
      "locked": {
        "lastModified": 1681028828,
        "narHash": "sha256-Vy1rq5AaRuLzOxct8nz4T6wlgyUR7zLU309k9mBC768=",
        "owner": "nix-systems",
        "repo": "default",
        "rev": "da67096a3b9bf56a91d16901293e51ba5b49a27e",
        "type": "github"
      },
      "original": {
        "owner": "nix-systems",
        "repo": "default",
        "type": "github"
      }
    },
    "utils": {
      "locked": {
        "lastModified": 1605370193,
        "narHash": "sha256-YyMTf3URDL/otKdKgtoMChu4vfVL3vCMkRqpGifhUn0=",
        "owner": "numtide",
        "repo": "flake-utils",
        "rev": "5021eac20303a61fafe17224c087f5519baed54d",
        "type": "github"
      },
      "original": {
        "owner": "numtide",
        "repo": "flake-utils",
        "type": "github"
      }
    }
  },
  "root": "root",
  "version": 7
}
