{
  "nodes": {
    "blobs": {
      "flake": false,
      "locked": {
        "lastModified": 1604995301,
        "narHash": "sha256-wcLzgLec6SGJA8fx1OEN1yV/Py5b+U5iyYpksUY/yLw=",
        "owner": "simple-nixos-mailserver",
        "repo": "blobs",
        "rev": "2cccdf1ca48316f2cfd1c9a0017e8de5a7156265",
        "type": "gitlab"
      },
      "original": {
        "owner": "simple-nixos-mailserver",
        "repo": "blobs",
        "type": "gitlab"
      }
    },
    "devshell": {
      "inputs": {
        "nixpkgs": [
          "nixpkgs"
        ]
      },
      "locked": {
        "lastModified": 1741473158,
        "narHash": "sha256-kWNaq6wQUbUMlPgw8Y+9/9wP0F8SHkjy24/mN3UAppg=",
        "owner": "numtide",
        "repo": "devshell",
        "rev": "7c9e793ebe66bcba8292989a68c0419b737a22a0",
        "type": "github"
      },
      "original": {
        "owner": "numtide",
        "repo": "devshell",
        "type": "github"
      }
    },
    "flake-compat": {
      "flake": false,
      "locked": {
        "lastModified": 1747046372,
        "narHash": "sha256-CIVLLkVgvHYbgI2UpXvIIBJ12HWgX+fjA8Xf8PUmqCY=",
        "owner": "edolstra",
        "repo": "flake-compat",
        "rev": "9100a0f413b0c601e0533d1d94ffd501ce2e7885",
        "type": "github"
      },
      "original": {
        "owner": "edolstra",
        "repo": "flake-compat",
        "type": "github"
      }
    },
    "flake-parts": {
      "inputs": {
        "nixpkgs-lib": [
          "nixpkgs"
        ]
      },
      "locked": {
        "lastModified": 1743550720,
        "narHash": "sha256-hIshGgKZCgWh6AYJpJmRgFdR3WUbkY04o82X05xqQiY=",
        "owner": "hercules-ci",
        "repo": "flake-parts",
        "rev": "c621e8422220273271f52058f618c94e405bb0f5",
        "type": "github"
      },
      "original": {
        "owner": "hercules-ci",
        "repo": "flake-parts",
        "type": "github"
      }
    },
    "gitignore": {
      "inputs": {
        "nixpkgs": [
          "pre-commit-hooks",
          "nixpkgs"
        ]
      },
      "locked": {
        "lastModified": 1709087332,
        "narHash": "sha256-HG2cCnktfHsKV0s4XW83gU3F57gaTljL9KNSuG6bnQs=",
        "owner": "hercules-ci",
        "repo": "gitignore.nix",
        "rev": "637db329424fd7e46cf4185293b9cc8c88c95394",
        "type": "github"
      },
      "original": {
        "owner": "hercules-ci",
        "repo": "gitignore.nix",
        "type": "github"
      }
    },
    "home-manager": {
      "inputs": {
        "nixpkgs": [
          "nixpkgs"
        ]
      },
      "locked": {
        "lastModified": 1747147271,
        "narHash": "sha256-ORthkM8I3GpWDK/pjOSXPuxWjLJV2AwWERKQCsjPPAk=",
        "owner": "nix-community",
        "repo": "home-manager",
        "rev": "df556f2a17b7b94148d0275c1a57fed20e62ad18",
        "type": "github"
      },
      "original": {
        "owner": "nix-community",
        "repo": "home-manager",
        "type": "github"
      }
    },
    "keys_alexjp": {
      "flake": false,
      "locked": {
        "narHash": "sha256-DDxLdRwfZnJYBhzj5lmduESAl/GYfYWROXenDD2Fb38=",
        "type": "file",
        "url": "https://github.com/alexjp.keys"
      },
      "original": {
        "type": "file",
        "url": "https://github.com/alexjp.keys"
      }
    },
    "keys_frank": {
      "flake": false,
      "locked": {
        "narHash": "sha256-P/i98yv7ZDS9ZgqC19DTFp7r+W4sxRWB2BOb+q2x+Hw=",
        "type": "file",
        "url": "https://github.com/fgd-garuda.keys"
      },
      "original": {
        "type": "file",
        "url": "https://github.com/fgd-garuda.keys"
      }
    },
    "keys_nico": {
      "flake": false,
      "locked": {
        "narHash": "sha256-2Cl22UbiN/Mn3zILg1tnWlBBj5FLS20WQNOd1KNKAD8=",
        "type": "file",
        "url": "https://github.com/dr460nf1r3.keys"
      },
      "original": {
        "type": "file",
        "url": "https://github.com/dr460nf1r3.keys"
      }
    },
    "keys_pedrohlc": {
      "flake": false,
      "locked": {
        "narHash": "sha256-4VbZeam06jUeFQavkeEFIDLTpk1qPdiRor9lmzrrkFU=",
        "type": "file",
        "url": "https://github.com/pedrohlc.keys"
      },
      "original": {
        "type": "file",
        "url": "https://github.com/pedrohlc.keys"
      }
    },
    "keys_technetium1": {
      "flake": false,
      "locked": {
        "narHash": "sha256-d6PFL1WTyfee09ykY1oWnX+7nGhEfPZn4aSQouAS42c=",
        "type": "file",
        "url": "https://github.com/technetium1.keys"
      },
      "original": {
        "type": "file",
        "url": "https://github.com/technetium1.keys"
      }
    },
    "keys_tne": {
      "flake": false,
      "locked": {
        "narHash": "sha256-5+km8r1tnw99bAJKQjDt7S1cx53Ov7GO+eF8LZv3Uzk=",
        "type": "file",
        "url": "https://github.com/justtne.keys"
      },
      "original": {
        "type": "file",
        "url": "https://github.com/justtne.keys"
      }
    },
    "keys_xiota": {
      "flake": false,
      "locked": {
        "narHash": "sha256-KI9FTFh33l8KfTt8OuHepx8RKClQ4a+OHwt91k4rdCM=",
        "type": "file",
        "url": "https://github.com/xiota.keys"
      },
      "original": {
        "type": "file",
        "url": "https://github.com/xiota.keys"
      }
    },
    "nixos-mailserver": {
      "inputs": {
        "blobs": "blobs",
        "flake-compat": [
          "flake-compat"
        ],
        "nixpkgs": [
          "nixpkgs"
        ],
        "nixpkgs-24_11": [
          "nixpkgs"
        ]
      },
      "locked": {
        "lastModified": 1746937334,
        "narHash": "sha256-7g2GSePdYbpD1v5BxEVSCJ2Ogf4K5rc9sBB81FervUY=",
        "owner": "simple-nixos-mailserver",
        "repo": "nixos-mailserver",
        "rev": "da66510f688b7eac54e3cac7c75be4b8dd78ce8b",
        "type": "gitlab"
      },
      "original": {
        "owner": "simple-nixos-mailserver",
        "ref": "master",
        "repo": "nixos-mailserver",
        "type": "gitlab"
      }
    },
    "nixpkgs": {
      "locked": {
        "lastModified": 1746904237,
        "narHash": "sha256-3e+AVBczosP5dCLQmMoMEogM57gmZ2qrVSrmq9aResQ=",
        "owner": "nixos",
        "repo": "nixpkgs",
        "rev": "d89fc19e405cb2d55ce7cc114356846a0ee5e956",
        "type": "github"
      },
      "original": {
        "owner": "nixos",
        "ref": "nixos-unstable",
        "repo": "nixpkgs",
        "type": "github"
      }
    },
    "nixpkgs-stable": {
      "locked": {
        "lastModified": 1746957726,
        "narHash": "sha256-k9ut1LSfHCr0AW82ttEQzXVCqmyWVA5+SHJkS5ID/Jo=",
        "owner": "NixOS",
        "repo": "nixpkgs",
        "rev": "a39ed32a651fdee6842ec930761e31d1f242cb94",
        "type": "github"
      },
      "original": {
        "owner": "NixOS",
        "ref": "nixos-24.11",
        "repo": "nixpkgs",
        "type": "github"
      }
    },
    "pre-commit-hooks": {
      "inputs": {
        "flake-compat": [
          "flake-compat"
        ],
        "gitignore": "gitignore",
        "nixpkgs": [
          "nixpkgs"
        ]
      },
      "locked": {
        "lastModified": 1746537231,
        "narHash": "sha256-Wb2xeSyOsCoTCTj7LOoD6cdKLEROyFAArnYoS+noCWo=",
        "owner": "cachix",
        "repo": "git-hooks.nix",
        "rev": "fa466640195d38ec97cf0493d6d6882bc4d14969",
        "type": "github"
      },
      "original": {
        "owner": "cachix",
        "repo": "git-hooks.nix",
        "type": "github"
      }
    },
    "root": {
      "inputs": {
        "devshell": "devshell",
        "flake-compat": "flake-compat",
        "flake-parts": "flake-parts",
        "home-manager": "home-manager",
        "keys_alexjp": "keys_alexjp",
        "keys_frank": "keys_frank",
        "keys_nico": "keys_nico",
        "keys_pedrohlc": "keys_pedrohlc",
        "keys_technetium1": "keys_technetium1",
        "keys_tne": "keys_tne",
        "keys_xiota": "keys_xiota",
        "nixos-mailserver": "nixos-mailserver",
        "nixpkgs": "nixpkgs",
        "nixpkgs-stable": "nixpkgs-stable",
        "pre-commit-hooks": "pre-commit-hooks",
        "src-buildiso": "src-buildiso",
        "src-chaotic-mirror": "src-chaotic-mirror",
        "src-chaotic-portable-builder": "src-chaotic-portable-builder",
        "src-cloudflare-authenticated_origin_pull_ca": "src-cloudflare-authenticated_origin_pull_ca",
        "src-cloudflare-ipv4": "src-cloudflare-ipv4",
        "src-garuda-website": "src-garuda-website"
      }
    },
    "src-buildiso": {
      "flake": false,
      "locked": {
        "lastModified": 1732452988,
        "narHash": "sha256-yn7/9OPJ2Lo7J0n4g92Kh2Ps2I4PuLk8jqPd3wcOq4w=",
        "owner": "garuda-linux",
        "repo": "tools%2Fbuildiso-docker",
        "rev": "030df7729eaee43e39694dcd04d08bd7befa4010",
        "type": "gitlab"
      },
      "original": {
        "owner": "garuda-linux",
        "repo": "tools%2Fbuildiso-docker",
        "type": "gitlab"
      }
    },
    "src-chaotic-mirror": {
      "flake": false,
      "locked": {
        "lastModified": 1711992910,
        "narHash": "sha256-cP6KnQyKxSqVvjBM6+0zXploS3QtYsvaWUetz6fx78I=",
        "owner": "chaotic-aur",
        "repo": "docker-mirror",
        "rev": "abce1bd33af9cb1b88db52f618520ee5a55f2e9e",
        "type": "github"
      },
      "original": {
        "owner": "chaotic-aur",
        "repo": "docker-mirror",
        "type": "github"
      }
    },
    "src-chaotic-portable-builder": {
      "flake": false,
      "locked": {
        "lastModified": 1713318548,
        "narHash": "sha256-M8i0RMVchIxm/MXPwk/b1w7RYtH7aIRwyuovziJyeAo=",
        "owner": "garuda-linux",
        "repo": "tools%2Fchaotic-portable-builder",
        "rev": "5e963b6b5b0147a3842c18e1a0a193c164935967",
        "type": "gitlab"
      },
      "original": {
        "owner": "garuda-linux",
        "repo": "tools%2Fchaotic-portable-builder",
        "type": "gitlab"
      }
    },
    "src-cloudflare-authenticated_origin_pull_ca": {
      "flake": false,
      "locked": {
        "narHash": "sha256-7lMuh6nm7kH2d4yoP0XmJvoJn9iloVE+2CrcFbH93DU=",
        "type": "file",
        "url": "https://developers.cloudflare.com/ssl/static/authenticated_origin_pull_ca.pem"
      },
      "original": {
        "type": "file",
        "url": "https://developers.cloudflare.com/ssl/static/authenticated_origin_pull_ca.pem"
      }
    },
    "src-cloudflare-ipv4": {
      "flake": false,
      "locked": {
        "narHash": "sha256-V4dThTb8iw02hjngubVtSJbEeWgOS1e/ODt1fLjLZvk=",
        "type": "file",
        "url": "https://www.cloudflare.com/ips-v4"
      },
      "original": {
        "type": "file",
        "url": "https://www.cloudflare.com/ips-v4"
      }
    },
    "src-garuda-website": {
      "flake": false,
      "locked": {
        "lastModified": 1743357088,
        "narHash": "sha256-ZbJZXAw7VlbVEGBFt2mk9dbGn+A9TpWDwmxBWRpA9n0=",
        "owner": "garuda-linux",
        "repo": "website%2Fwebsite-catppuccin",
        "rev": "af4efa70e07a195e7bd0fc91566a6381d223227e",
        "type": "gitlab"
      },
      "original": {
        "owner": "garuda-linux",
        "repo": "website%2Fwebsite-catppuccin",
        "type": "gitlab"
      }
    }
  },
  "root": "root",
  "version": 7
}
